// !$*UTF8*$!
{
	archiveVersion = 1;
	classes = {
	};
	objectVersion = 46;
	objects = {

/* Begin PBXBuildFile section */
		594C63821DC1D86900FC7026 /* AppDelegate.swift in Sources */ = {isa = PBXBuildFile; fileRef = 594C63811DC1D86900FC7026 /* AppDelegate.swift */; };
		594C63841DC1D86900FC7026 /* ViewController.swift in Sources */ = {isa = PBXBuildFile; fileRef = 594C63831DC1D86900FC7026 /* ViewController.swift */; };
		594C63871DC1D86900FC7026 /* Main.storyboard in Resources */ = {isa = PBXBuildFile; fileRef = 594C63851DC1D86900FC7026 /* Main.storyboard */; };
		594C63891DC1D86900FC7026 /* Assets.xcassets in Resources */ = {isa = PBXBuildFile; fileRef = 594C63881DC1D86900FC7026 /* Assets.xcassets */; };
		594C638C1DC1D86900FC7026 /* LaunchScreen.storyboard in Resources */ = {isa = PBXBuildFile; fileRef = 594C638A1DC1D86900FC7026 /* LaunchScreen.storyboard */; };
/* End PBXBuildFile section */

/* Begin PBXFileReference section */
		594C637E1DC1D86900FC7026 /* Webview with processing bar_Phung.app */ = {isa = PBXFileReference; explicitFileType = wrapper.application; includeInIndex = 0; path = "Webview with processing bar_Phung.app"; sourceTree = BUILT_PRODUCTS_DIR; };
		594C63811DC1D86900FC7026 /* AppDelegate.swift */ = {isa = PBXFileReference; lastKnownFileType = sourcecode.swift; path = AppDelegate.swift; sourceTree = "<group>"; };
		594C63831DC1D86900FC7026 /* ViewController.swift */ = {isa = PBXFileReference; lastKnownFileType = sourcecode.swift; path = ViewController.swift; sourceTree = "<group>"; };
		594C63861DC1D86900FC7026 /* Base */ = {isa = PBXFileReference; lastKnownFileType = file.storyboard; name = Base; path = Base.lproj/Main.storyboard; sourceTree = "<group>"; };
		594C63881DC1D86900FC7026 /* Assets.xcassets */ = {isa = PBXFileReference; lastKnownFileType = folder.assetcatalog; path = Assets.xcassets; sourceTree = "<group>"; };
		594C638B1DC1D86900FC7026 /* Base */ = {isa = PBXFileReference; lastKnownFileType = file.storyboard; name = Base; path = Base.lproj/LaunchScreen.storyboard; sourceTree = "<group>"; };
		594C638D1DC1D86900FC7026 /* Info.plist */ = {isa = PBXFileReference; lastKnownFileType = text.plist.xml; path = Info.plist; sourceTree = "<group>"; };
/* End PBXFileReference section */

/* Begin PBXFrameworksBuildPhase section */
		594C637B1DC1D86900FC7026 /* Frameworks */ = {
			isa = PBXFrameworksBuildPhase;
			buildActionMask = 2147483647;
			files = (
			);
			runOnlyForDeploymentPostprocessing = 0;
		};
/* End PBXFrameworksBuildPhase section */

/* Begin PBXGroup section */
		594C63751DC1D86900FC7026 = {
			isa = PBXGroup;
			children = (
				594C63801DC1D86900FC7026 /* Webview with processing bar_Phung */,
				594C637F1DC1D86900FC7026 /* Products */,
			);
			sourceTree = "<group>";
		};
		594C637F1DC1D86900FC7026 /* Products */ = {
			isa = PBXGroup;
			children = (
				594C637E1DC1D86900FC7026 /* Webview with processing bar_Phung.app */,
			);
			name = Products;
			sourceTree = "<group>";
		};
		594C63801DC1D86900FC7026 /* Webview with processing bar_Phung */ = {
			isa = PBXGroup;
			children = (
				594C63811DC1D86900FC7026 /* AppDelegate.swift */,
				594C63831DC1D86900FC7026 /* ViewController.swift */,
				594C63851DC1D86900FC7026 /* Main.storyboard */,
				594C63881DC1D86900FC7026 /* Assets.xcassets */,
				594C638A1DC1D86900FC7026 /* LaunchScreen.storyboard */,
				594C638D1DC1D86900FC7026 /* Info.plist */,
			);
			path = "Webview with processing bar_Phung";
			sourceTree = "<group>";
		};
/* End PBXGroup section */

/* Begin PBXNativeTarget section */
		594C637D1DC1D86900FC7026 /* Webview with processing bar_Phung */ = {
			isa = PBXNativeTarget;
			buildConfigurationList = 594C63901DC1D86900FC7026 /* Build configuration list for PBXNativeTarget "Webview with processing bar_Phung" */;
			buildPhases = (
				594C637A1DC1D86900FC7026 /* Sources */,
				594C637B1DC1D86900FC7026 /* Frameworks */,
				594C637C1DC1D86900FC7026 /* Resources */,
			);
			buildRules = (
			);
			dependencies = (
			);
			name = "Webview with processing bar_Phung";
			productName = "Webview with processing bar_Phung";
			productReference = 594C637E1DC1D86900FC7026 /* Webview with processing bar_Phung.app */;
			productType = "com.apple.product-type.application";
		};
/* End PBXNativeTarget section */

/* Begin PBXProject section */
		594C63761DC1D86900FC7026 /* Project object */ = {
			isa = PBXProject;
			attributes = {
				LastSwiftUpdateCheck = 0800;
				LastUpgradeCheck = 0800;
				ORGANIZATIONNAME = Phung;
				TargetAttributes = {
					594C637D1DC1D86900FC7026 = {
						CreatedOnToolsVersion = 8.0;
						ProvisioningStyle = Automatic;
					};
				};
			};
			buildConfigurationList = 594C63791DC1D86900FC7026 /* Build configuration list for PBXProject "Webview with processing bar_Phung" */;
			compatibilityVersion = "Xcode 3.2";
			developmentRegion = English;
			hasScannedForEncodings = 0;
			knownRegions = (
				en,
				Base,
			);
			mainGroup = 594C63751DC1D86900FC7026;
			productRefGroup = 594C637F1DC1D86900FC7026 /* Products */;
			projectDirPath = "";
			projectRoot = "";
			targets = (
				594C637D1DC1D86900FC7026 /* Webview with processing bar_Phung */,
			);
		};
/* End PBXProject section */

/* Begin PBXResourcesBuildPhase section */
		594C637C1DC1D86900FC7026 /* Resources */ = {
			isa = PBXResourcesBuildPhase;
			buildActionMask = 2147483647;
			files = (
				594C638C1DC1D86900FC7026 /* LaunchScreen.storyboard in Resources */,
				594C63891DC1D86900FC7026 /* Assets.xcassets in Resources */,
				594C63871DC1D86900FC7026 /* Main.storyboard in Resources */,
			);
			runOnlyForDeploymentPostprocessing = 0;
		};
/* End PBXResourcesBuildPhase section */

/* Begin PBXSourcesBuildPhase section */
		594C637A1DC1D86900FC7026 /* Sources */ = {
			isa = PBXSourcesBuildPhase;
			buildActionMask = 2147483647;
			files = (
				594C63841DC1D86900FC7026 /* ViewController.swift in Sources */,
				594C63821DC1D86900FC7026 /* AppDelegate.swift in Sources */,
			);
			runOnlyForDeploymentPostprocessing = 0;
		};
/* End PBXSourcesBuildPhase section */

/* Begin PBXVariantGroup section */
		594C63851DC1D86900FC7026 /* Main.storyboard */ = {
			isa = PBXVariantGroup;
			children = (
				594C63861DC1D86900FC7026 /* Base */,
			);
			name = Main.storyboard;
			sourceTree = "<group>";
		};
		594C638A1DC1D86900FC7026 /* LaunchScreen.storyboard */ = {
			isa = PBXVariantGroup;
			children = (
				594C638B1DC1D86900FC7026 /* Base */,
			);
			name = LaunchScreen.storyboard;
			sourceTree = "<group>";
		};
/* End PBXVariantGroup section */

/* Begin XCBuildConfiguration section */
		594C638E1DC1D86900FC7026 /* Debug */ = {
			isa = XCBuildConfiguration;
			buildSettings = {
				ALWAYS_SEARCH_USER_PATHS = NO;
				CLANG_ANALYZER_NONNULL = YES;
				CLANG_CXX_LANGUAGE_STANDARD = "gnu++0x";
				CLANG_CXX_LIBRARY = "libc++";
				CLANG_ENABLE_MODULES = YES;
				CLANG_ENABLE_OBJC_ARC = YES;
				CLANG_WARN_BOOL_CONVERSION = YES;
				CLANG_WARN_CONSTANT_CONVERSION = YES;
				CLANG_WARN_DIRECT_OBJC_ISA_USAGE = YES_ERROR;
				CLANG_WARN_DOCUMENTATION_COMMENTS = YES;
				CLANG_WARN_EMPTY_BODY = YES;
				CLANG_WARN_ENUM_CONVERSION = YES;
				CLANG_WARN_INFINITE_RECURSION = YES;
				CLANG_WARN_INT_CONVERSION = YES;
				CLANG_WARN_OBJC_ROOT_CLASS = YES_ERROR;
				CLANG_WARN_SUSPICIOUS_MOVES = YES;
				CLANG_WARN_UNREACHABLE_CODE = YES;
				CLANG_WARN__DUPLICATE_METHOD_MATCH = YES;
				"CODE_SIGN_IDENTITY[sdk=iphoneos*]" = "iPhone Developer";
				COPY_PHASE_STRIP = NO;
				DEBUG_INFORMATION_FORMAT = dwarf;
				ENABLE_STRICT_OBJC_MSGSEND = YES;
				ENABLE_TESTABILITY = YES;
				GCC_C_LANGUAGE_STANDARD = gnu99;
				GCC_DYNAMIC_NO_PIC = NO;
				GCC_NO_COMMON_BLOCKS = YES;
				GCC_OPTIMIZATION_LEVEL = 0;
				GCC_PREPROCESSOR_DEFINITIONS = (
					"DEBUG=1",
					"$(inherited)",
				);
				GCC_WARN_64_TO_32_BIT_CONVERSION = YES;
				GCC_WARN_ABOUT_RETURN_TYPE = YES_ERROR;
				GCC_WARN_UNDECLARED_SELECTOR = YES;
				GCC_WARN_UNINITIALIZED_AUTOS = YES_AGGRESSIVE;
				GCC_WARN_UNUSED_FUNCTION = YES;
				GCC_WARN_UNUSED_VARIABLE = YES;
				IPHONEOS_DEPLOYMENT_TARGET = 10.0;
				MTL_ENABLE_DEBUG_INFO = YES;
				ONLY_ACTIVE_ARCH = YES;
				SDKROOT = iphoneos;
				SWIFT_ACTIVE_COMPILATION_CONDITIONS = DEBUG;
				SWIFT_OPTIMIZATION_LEVEL = "-Onone";
			};
			name = Debug;
		};
		594C638F1DC1D86900FC7026 /* Release */ = {
			isa = XCBuildConfiguration;
			buildSettings = {
				ALWAYS_SEARCH_USER_PATHS = NO;
				CLANG_ANALYZER_NONNULL = YES;
				CLANG_CXX_LANGUAGE_STANDARD = "gnu++0x";
				CLANG_CXX_LIBRARY = "libc++";
				CLANG_ENABLE_MODULES = YES;
				CLANG_ENABLE_OBJC_ARC = YES;
				CLANG_WARN_BOOL_CONVERSION = YES;
				CLANG_WARN_CONSTANT_CONVERSION = YES;
				CLANG_WARN_DIRECT_OBJC_ISA_USAGE = YES_ERROR;
				CLANG_WARN_DOCUMENTATION_COMMENTS = YES;
				CLANG_WARN_EMPTY_BODY = YES;
				CLANG_WARN_ENUM_CONVERSION = YES;
				CLANG_WARN_INFINITE_RECURSION = YES;
				CLANG_WARN_INT_CONVERSION = YES;
				CLANG_WARN_OBJC_ROOT_CLASS = YES_ERROR;
				CLANG_WARN_SUSPICIOUS_MOVES = YES;
				CLANG_WARN_UNREACHABLE_CODE = YES;
				CLANG_WARN__DUPLICATE_METHOD_MATCH = YES;
				"CODE_SIGN_IDENTITY[sdk=iphoneos*]" = "iPhone Developer";
				COPY_PHASE_STRIP = NO;
				DEBUG_INFORMATION_FORMAT = "dwarf-with-dsym";
				ENABLE_NS_ASSERTIONS = NO;
				ENABLE_STRICT_OBJC_MSGSEND = YES;
				GCC_C_LANGUAGE_STANDARD = gnu99;
				GCC_NO_COMMON_BLOCKS = YES;
				GCC_WARN_64_TO_32_BIT_CONVERSION = YES;
				GCC_WARN_ABOUT_RETURN_TYPE = YES_ERROR;
				GCC_WARN_UNDECLARED_SELECTOR = YES;
				GCC_WARN_UNINITIALIZED_AUTOS = YES_AGGRESSIVE;
				GCC_WARN_UNUSED_FUNCTION = YES;
				GCC_WARN_UNUSED_VARIABLE = YES;
				IPHONEOS_DEPLOYMENT_TARGET = 10.0;
				MTL_ENABLE_DEBUG_INFO = NO;
				SDKROOT = iphoneos;
				SWIFT_OPTIMIZATION_LEVEL = "-Owholemodule";
				VALIDATE_PRODUCT = YES;
			};
			name = Release;
		};
		594C63911DC1D86900FC7026 /* Debug */ = {
			isa = XCBuildConfiguration;
			buildSettings = {
				ASSETCATALOG_COMPILER_APPICON_NAME = AppIcon;
				INFOPLIST_FILE = "Webview with processing bar_Phung/Info.plist";
				LD_RUNPATH_SEARCH_PATHS = "$(inherited) @executable_path/Frameworks";
				PRODUCT_BUNDLE_IDENTIFIER = "phung.Webview-with-processing-bar-Phung";
				PRODUCT_NAME = "$(TARGET_NAME)";
				SWIFT_VERSION = 3.0;
			};
			name = Debug;
		};
		594C63921DC1D86900FC7026 /* Release */ = {
			isa = XCBuildConfiguration;
			buildSettings = {
				ASSETCATALOG_COMPILER_APPICON_NAME = AppIcon;
				INFOPLIST_FILE = "Webview with processing bar_Phung/Info.plist";
				LD_RUNPATH_SEARCH_PATHS = "$(inherited) @executable_path/Frameworks";
				PRODUCT_BUNDLE_IDENTIFIER = "phung.Webview-with-processing-bar-Phung";
				PRODUCT_NAME = "$(TARGET_NAME)";
				SWIFT_VERSION = 3.0;
			};
			name = Release;
		};
/* End XCBuildConfiguration section */

/* Begin XCConfigurationList section */
		594C63791DC1D86900FC7026 /* Build configuration list for PBXProject "Webview with processing bar_Phung" */ = {
			isa = XCConfigurationList;
			buildConfigurations = (
				594C638E1DC1D86900FC7026 /* Debug */,
				594C638F1DC1D86900FC7026 /* Release */,
			);
			defaultConfigurationIsVisible = 0;
			defaultConfigurationName = Release;
		};
		594C63901DC1D86900FC7026 /* Build configuration list for PBXNativeTarget "Webview with processing bar_Phung" */ = {
			isa = XCConfigurationList;
			buildConfigurations = (
				594C63911DC1D86900FC7026 /* Debug */,
				594C63921DC1D86900FC7026 /* Release */,
			);
			defaultConfigurationIsVisible = 0;
			defaultConfigurationName = Release;
		};
/* End XCConfigurationList section */
	};
	rootObject = 594C63761DC1D86900FC7026 /* Project object */;
}
