// !$*UTF8*$!
{
	archiveVersion = 1;
	classes = {
	};
	objectVersion = 46;
	objects = {

/* Begin PBXBuildFile section */
		59B48EF11DC03D8900B95B49 /* AppDelegate.swift in Sources */ = {isa = PBXBuildFile; fileRef = 59B48EF01DC03D8900B95B49 /* AppDelegate.swift */; };
		59B48EF31DC03D8900B95B49 /* ViewController.swift in Sources */ = {isa = PBXBuildFile; fileRef = 59B48EF21DC03D8900B95B49 /* ViewController.swift */; };
		59B48EF61DC03D8900B95B49 /* Main.storyboard in Resources */ = {isa = PBXBuildFile; fileRef = 59B48EF41DC03D8900B95B49 /* Main.storyboard */; };
		59B48EF81DC03D8900B95B49 /* Assets.xcassets in Resources */ = {isa = PBXBuildFile; fileRef = 59B48EF71DC03D8900B95B49 /* Assets.xcassets */; };
		59B48EFB1DC03D8900B95B49 /* LaunchScreen.storyboard in Resources */ = {isa = PBXBuildFile; fileRef = 59B48EF91DC03D8900B95B49 /* LaunchScreen.storyboard */; };
/* End PBXBuildFile section */

/* Begin PBXFileReference section */
		59B48EED1DC03D8900B95B49 /* localPushNotification_Phung.app */ = {isa = PBXFileReference; explicitFileType = wrapper.application; includeInIndex = 0; path = localPushNotification_Phung.app; sourceTree = BUILT_PRODUCTS_DIR; };
		59B48EF01DC03D8900B95B49 /* AppDelegate.swift */ = {isa = PBXFileReference; lastKnownFileType = sourcecode.swift; path = AppDelegate.swift; sourceTree = "<group>"; };
		59B48EF21DC03D8900B95B49 /* ViewController.swift */ = {isa = PBXFileReference; lastKnownFileType = sourcecode.swift; path = ViewController.swift; sourceTree = "<group>"; };
		59B48EF51DC03D8900B95B49 /* Base */ = {isa = PBXFileReference; lastKnownFileType = file.storyboard; name = Base; path = Base.lproj/Main.storyboard; sourceTree = "<group>"; };
		59B48EF71DC03D8900B95B49 /* Assets.xcassets */ = {isa = PBXFileReference; lastKnownFileType = folder.assetcatalog; path = Assets.xcassets; sourceTree = "<group>"; };
		59B48EFA1DC03D8900B95B49 /* Base */ = {isa = PBXFileReference; lastKnownFileType = file.storyboard; name = Base; path = Base.lproj/LaunchScreen.storyboard; sourceTree = "<group>"; };
		59B48EFC1DC03D8900B95B49 /* Info.plist */ = {isa = PBXFileReference; lastKnownFileType = text.plist.xml; path = Info.plist; sourceTree = "<group>"; };
/* End PBXFileReference section */

/* Begin PBXFrameworksBuildPhase section */
		59B48EEA1DC03D8900B95B49 /* Frameworks */ = {
			isa = PBXFrameworksBuildPhase;
			buildActionMask = 2147483647;
			files = (
			);
			runOnlyForDeploymentPostprocessing = 0;
		};
/* End PBXFrameworksBuildPhase section */

/* Begin PBXGroup section */
		59B48EE41DC03D8800B95B49 = {
			isa = PBXGroup;
			children = (
				59B48EEF1DC03D8900B95B49 /* localPushNotification_Phung */,
				59B48EEE1DC03D8900B95B49 /* Products */,
			);
			sourceTree = "<group>";
		};
		59B48EEE1DC03D8900B95B49 /* Products */ = {
			isa = PBXGroup;
			children = (
				59B48EED1DC03D8900B95B49 /* localPushNotification_Phung.app */,
			);
			name = Products;
			sourceTree = "<group>";
		};
		59B48EEF1DC03D8900B95B49 /* localPushNotification_Phung */ = {
			isa = PBXGroup;
			children = (
				59B48EF01DC03D8900B95B49 /* AppDelegate.swift */,
				59B48EF21DC03D8900B95B49 /* ViewController.swift */,
				59B48EF41DC03D8900B95B49 /* Main.storyboard */,
				59B48EF71DC03D8900B95B49 /* Assets.xcassets */,
				59B48EF91DC03D8900B95B49 /* LaunchScreen.storyboard */,
				59B48EFC1DC03D8900B95B49 /* Info.plist */,
			);
			path = localPushNotification_Phung;
			sourceTree = "<group>";
		};
/* End PBXGroup section */

/* Begin PBXNativeTarget section */
		59B48EEC1DC03D8900B95B49 /* localPushNotification_Phung */ = {
			isa = PBXNativeTarget;
			buildConfigurationList = 59B48EFF1DC03D8900B95B49 /* Build configuration list for PBXNativeTarget "localPushNotification_Phung" */;
			buildPhases = (
				59B48EE91DC03D8900B95B49 /* Sources */,
				59B48EEA1DC03D8900B95B49 /* Frameworks */,
				59B48EEB1DC03D8900B95B49 /* Resources */,
			);
			buildRules = (
			);
			dependencies = (
			);
			name = localPushNotification_Phung;
			productName = localPushNotification_Phung;
			productReference = 59B48EED1DC03D8900B95B49 /* localPushNotification_Phung.app */;
			productType = "com.apple.product-type.application";
		};
/* End PBXNativeTarget section */

/* Begin PBXProject section */
		59B48EE51DC03D8800B95B49 /* Project object */ = {
			isa = PBXProject;
			attributes = {
				LastSwiftUpdateCheck = 0800;
				LastUpgradeCheck = 0800;
				ORGANIZATIONNAME = Phung;
				TargetAttributes = {
					59B48EEC1DC03D8900B95B49 = {
						CreatedOnToolsVersion = 8.0;
						DevelopmentTeam = 6JCG4RF53G;
						ProvisioningStyle = Automatic;
					};
				};
			};
			buildConfigurationList = 59B48EE81DC03D8800B95B49 /* Build configuration list for PBXProject "localPushNotification_Phung" */;
			compatibilityVersion = "Xcode 3.2";
			developmentRegion = English;
			hasScannedForEncodings = 0;
			knownRegions = (
				en,
				Base,
			);
			mainGroup = 59B48EE41DC03D8800B95B49;
			productRefGroup = 59B48EEE1DC03D8900B95B49 /* Products */;
			projectDirPath = "";
			projectRoot = "";
			targets = (
				59B48EEC1DC03D8900B95B49 /* localPushNotification_Phung */,
			);
		};
/* End PBXProject section */

/* Begin PBXResourcesBuildPhase section */
		59B48EEB1DC03D8900B95B49 /* Resources */ = {
			isa = PBXResourcesBuildPhase;
			buildActionMask = 2147483647;
			files = (
				59B48EFB1DC03D8900B95B49 /* LaunchScreen.storyboard in Resources */,
				59B48EF81DC03D8900B95B49 /* Assets.xcassets in Resources */,
				59B48EF61DC03D8900B95B49 /* Main.storyboard in Resources */,
			);
			runOnlyForDeploymentPostprocessing = 0;
		};
/* End PBXResourcesBuildPhase section */

/* Begin PBXSourcesBuildPhase section */
		59B48EE91DC03D8900B95B49 /* Sources */ = {
			isa = PBXSourcesBuildPhase;
			buildActionMask = 2147483647;
			files = (
				59B48EF31DC03D8900B95B49 /* ViewController.swift in Sources */,
				59B48EF11DC03D8900B95B49 /* AppDelegate.swift in Sources */,
			);
			runOnlyForDeploymentPostprocessing = 0;
		};
/* End PBXSourcesBuildPhase section */

/* Begin PBXVariantGroup section */
		59B48EF41DC03D8900B95B49 /* Main.storyboard */ = {
			isa = PBXVariantGroup;
			children = (
				59B48EF51DC03D8900B95B49 /* Base */,
			);
			name = Main.storyboard;
			sourceTree = "<group>";
		};
		59B48EF91DC03D8900B95B49 /* LaunchScreen.storyboard */ = {
			isa = PBXVariantGroup;
			children = (
				59B48EFA1DC03D8900B95B49 /* Base */,
			);
			name = LaunchScreen.storyboard;
			sourceTree = "<group>";
		};
/* End PBXVariantGroup section */

/* Begin XCBuildConfiguration section */
		59B48EFD1DC03D8900B95B49 /* Debug */ = {
			isa = XCBuildConfiguration;
			buildSettings = {
				ALWAYS_SEARCH_USER_PATHS = NO;
				CLANG_ANALYZER_NONNULL = YES;
				CLANG_CXX_LANGUAGE_STANDARD = "gnu++0x";
				CLANG_CXX_LIBRARY = "libc++";
				CLANG_ENABLE_MODULES = YES;
				CLANG_ENABLE_OBJC_ARC = YES;
				CLANG_WARN_BOOL_CONVERSION = YES;
				CLANG_WARN_CONSTANT_CONVERSION = YES;
				CLANG_WARN_DIRECT_OBJC_ISA_USAGE = YES_ERROR;
				CLANG_WARN_DOCUMENTATION_COMMENTS = YES;
				CLANG_WARN_EMPTY_BODY = YES;
				CLANG_WARN_ENUM_CONVERSION = YES;
				CLANG_WARN_INFINITE_RECURSION = YES;
				CLANG_WARN_INT_CONVERSION = YES;
				CLANG_WARN_OBJC_ROOT_CLASS = YES_ERROR;
				CLANG_WARN_SUSPICIOUS_MOVES = YES;
				CLANG_WARN_UNREACHABLE_CODE = YES;
				CLANG_WARN__DUPLICATE_METHOD_MATCH = YES;
				"CODE_SIGN_IDENTITY[sdk=iphoneos*]" = "iPhone Developer";
				COPY_PHASE_STRIP = NO;
				DEBUG_INFORMATION_FORMAT = dwarf;
				ENABLE_STRICT_OBJC_MSGSEND = YES;
				ENABLE_TESTABILITY = YES;
				GCC_C_LANGUAGE_STANDARD = gnu99;
				GCC_DYNAMIC_NO_PIC = NO;
				GCC_NO_COMMON_BLOCKS = YES;
				GCC_OPTIMIZATION_LEVEL = 0;
				GCC_PREPROCESSOR_DEFINITIONS = (
					"DEBUG=1",
					"$(inherited)",
				);
				GCC_WARN_64_TO_32_BIT_CONVERSION = YES;
				GCC_WARN_ABOUT_RETURN_TYPE = YES_ERROR;
				GCC_WARN_UNDECLARED_SELECTOR = YES;
				GCC_WARN_UNINITIALIZED_AUTOS = YES_AGGRESSIVE;
				GCC_WARN_UNUSED_FUNCTION = YES;
				GCC_WARN_UNUSED_VARIABLE = YES;
				IPHONEOS_DEPLOYMENT_TARGET = 10.0;
				MTL_ENABLE_DEBUG_INFO = YES;
				ONLY_ACTIVE_ARCH = YES;
				SDKROOT = iphoneos;
				SWIFT_ACTIVE_COMPILATION_CONDITIONS = DEBUG;
				SWIFT_OPTIMIZATION_LEVEL = "-Onone";
			};
			name = Debug;
		};
		59B48EFE1DC03D8900B95B49 /* Release */ = {
			isa = XCBuildConfiguration;
			buildSettings = {
				ALWAYS_SEARCH_USER_PATHS = NO;
				CLANG_ANALYZER_NONNULL = YES;
				CLANG_CXX_LANGUAGE_STANDARD = "gnu++0x";
				CLANG_CXX_LIBRARY = "libc++";
				CLANG_ENABLE_MODULES = YES;
				CLANG_ENABLE_OBJC_ARC = YES;
				CLANG_WARN_BOOL_CONVERSION = YES;
				CLANG_WARN_CONSTANT_CONVERSION = YES;
				CLANG_WARN_DIRECT_OBJC_ISA_USAGE = YES_ERROR;
				CLANG_WARN_DOCUMENTATION_COMMENTS = YES;
				CLANG_WARN_EMPTY_BODY = YES;
				CLANG_WARN_ENUM_CONVERSION = YES;
				CLANG_WARN_INFINITE_RECURSION = YES;
				CLANG_WARN_INT_CONVERSION = YES;
				CLANG_WARN_OBJC_ROOT_CLASS = YES_ERROR;
				CLANG_WARN_SUSPICIOUS_MOVES = YES;
				CLANG_WARN_UNREACHABLE_CODE = YES;
				CLANG_WARN__DUPLICATE_METHOD_MATCH = YES;
				"CODE_SIGN_IDENTITY[sdk=iphoneos*]" = "iPhone Developer";
				COPY_PHASE_STRIP = NO;
				DEBUG_INFORMATION_FORMAT = "dwarf-with-dsym";
				ENABLE_NS_ASSERTIONS = NO;
				ENABLE_STRICT_OBJC_MSGSEND = YES;
				GCC_C_LANGUAGE_STANDARD = gnu99;
				GCC_NO_COMMON_BLOCKS = YES;
				GCC_WARN_64_TO_32_BIT_CONVERSION = YES;
				GCC_WARN_ABOUT_RETURN_TYPE = YES_ERROR;
				GCC_WARN_UNDECLARED_SELECTOR = YES;
				GCC_WARN_UNINITIALIZED_AUTOS = YES_AGGRESSIVE;
				GCC_WARN_UNUSED_FUNCTION = YES;
				GCC_WARN_UNUSED_VARIABLE = YES;
				IPHONEOS_DEPLOYMENT_TARGET = 10.0;
				MTL_ENABLE_DEBUG_INFO = NO;
				SDKROOT = iphoneos;
				SWIFT_OPTIMIZATION_LEVEL = "-Owholemodule";
				VALIDATE_PRODUCT = YES;
			};
			name = Release;
		};
		59B48F001DC03D8900B95B49 /* Debug */ = {
			isa = XCBuildConfiguration;
			buildSettings = {
				ASSETCATALOG_COMPILER_APPICON_NAME = AppIcon;
				DEVELOPMENT_TEAM = 6JCG4RF53G;
				INFOPLIST_FILE = localPushNotification_Phung/Info.plist;
				IPHONEOS_DEPLOYMENT_TARGET = 8.3;
				LD_RUNPATH_SEARCH_PATHS = "$(inherited) @executable_path/Frameworks";
				PRODUCT_BUNDLE_IDENTIFIER = "phung.localPushNotification-Phung";
				PRODUCT_NAME = "$(TARGET_NAME)";
				SWIFT_VERSION = 3.0;
			};
			name = Debug;
		};
		59B48F011DC03D8900B95B49 /* Release */ = {
			isa = XCBuildConfiguration;
			buildSettings = {
				ASSETCATALOG_COMPILER_APPICON_NAME = AppIcon;
				DEVELOPMENT_TEAM = 6JCG4RF53G;
				INFOPLIST_FILE = localPushNotification_Phung/Info.plist;
				IPHONEOS_DEPLOYMENT_TARGET = 8.3;
				LD_RUNPATH_SEARCH_PATHS = "$(inherited) @executable_path/Frameworks";
				PRODUCT_BUNDLE_IDENTIFIER = "phung.localPushNotification-Phung";
				PRODUCT_NAME = "$(TARGET_NAME)";
				SWIFT_VERSION = 3.0;
			};
			name = Release;
		};
/* End XCBuildConfiguration section */

/* Begin XCConfigurationList section */
		59B48EE81DC03D8800B95B49 /* Build configuration list for PBXProject "localPushNotification_Phung" */ = {
			isa = XCConfigurationList;
			buildConfigurations = (
				59B48EFD1DC03D8900B95B49 /* Debug */,
				59B48EFE1DC03D8900B95B49 /* Release */,
			);
			defaultConfigurationIsVisible = 0;
			defaultConfigurationName = Release;
		};
		59B48EFF1DC03D8900B95B49 /* Build configuration list for PBXNativeTarget "localPushNotification_Phung" */ = {
			isa = XCConfigurationList;
			buildConfigurations = (
				59B48F001DC03D8900B95B49 /* Debug */,
				59B48F011DC03D8900B95B49 /* Release */,
			);
			defaultConfigurationIsVisible = 0;
			defaultConfigurationName = Release;
		};
/* End XCConfigurationList section */
	};
	rootObject = 59B48EE51DC03D8800B95B49 /* Project object */;
}
